# This file was autogenerated by Stack.
# You should not edit this file by hand.
# For more information, please see the documentation at:
#   https://docs.haskellstack.org/en/stable/lock_files

packages:
- completed:
    hackage: streamly-0.8.0@sha256:0513eff994ebac2438d5ef58041fe70e0610ecd213c588fb8be3b6b72f9d61b9,20201
    pantry-tree:
      size: 21676
      sha256: c82bec3985b471396a52a018d9da898ce183283843f11400f0c69a8bd5a85aca
  original:
    hackage: streamly-0.8.0@sha256:0513eff994ebac2438d5ef58041fe70e0610ecd213c588fb8be3b6b72f9d61b9,20201
- completed:
    name: monad-bayes
    version: 0.2.0
    git: git@github.com:tweag/monad-bayes.git
    pantry-tree:
      size: 10310
      sha256: 9e8e60b8675401b806ced0b08f4fee920e41d1219602b271a028f42b07a85fd7
    commit: 45915140eb681f4be34809216305fa9b89847ee7
  original:
    git: git@github.com:tweag/monad-bayes.git
    commit: 45915140eb681f4be34809216305fa9b89847ee7
- completed:
    name: buttplug-hs
    version: 0.1.0.0
    git: git@github.com:sullyj3/buttplug-hs.git
    pantry-tree:
      size: 816
      sha256: b599e5c8e0eb79be96fc3da64a4339020a843a3ae173c28ed1cbcae5c81a2e06
    commit: efa89b070d162f1cab876d97624d2dc9e38b1a67
  original:
    git: git@github.com:sullyj3/buttplug-hs.git
    commit: efa89b070d162f1cab876d97624d2dc9e38b1a67
- completed:
    name: buttplug-hs-core
    version: 0.2.0.0
    git: git@github.com:sullyj3/buttplug-hs-core.git
    pantry-tree:
      size: 1026
      sha256: a0dd014e6e530f3a3c7373bb619d52c98bf9c2949e0c124ca27a8e5e6b7ccd54
    commit: ea7476e63cdd23f49e3f810de8894c02b43c02fd
  original:
    git: git@github.com:sullyj3/buttplug-hs-core.git
    commit: ea7476e63cdd23f49e3f810de8894c02b43c02fd
snapshots:
- completed:
    size: 619227
    url: https://raw.githubusercontent.com/commercialhaskell/stackage-snapshots/master/nightly/2022/8/1.yaml
    sha256: 511a61513165f200cccbd791ff2394854693b6a89beba0cc8fee181514237801
  original: nightly-2022-08-01
