# This file was autogenerated by Stack.
# You should not edit this file by hand.
# For more information, please see the documentation at:
#   https://docs.haskellstack.org/en/stable/lock_files

packages:
- completed:
    name: motif
    version: 0.1.0.0
    git: https://github.com/sullyj3/motif.git
    pantry-tree:
      size: 401
      sha256: a67739f86047443e6a457e97e68611669c2a9d06ee90326ea9f39372fba73cdb
    commit: 68a9e490523eb85d209b052a6d61288f1ec8cbf8
  original:
    git: https://github.com/sullyj3/motif.git
    commit: 68a9e490523eb85d209b052a6d61288f1ec8cbf8
- completed:
    hackage: streamly-0.8.0@sha256:0513eff994ebac2438d5ef58041fe70e0610ecd213c588fb8be3b6b72f9d61b9,20201
    pantry-tree:
      size: 21676
      sha256: c82bec3985b471396a52a018d9da898ce183283843f11400f0c69a8bd5a85aca
  original:
    hackage: streamly-0.8.0@sha256:0513eff994ebac2438d5ef58041fe70e0610ecd213c588fb8be3b6b72f9d61b9,20201
- completed:
    name: monad-bayes
    version: 0.2.0
    git: git@github.com:tweag/monad-bayes.git
    pantry-tree:
      size: 10310
      sha256: 9e8e60b8675401b806ced0b08f4fee920e41d1219602b271a028f42b07a85fd7
    commit: 45915140eb681f4be34809216305fa9b89847ee7
  original:
    git: git@github.com:tweag/monad-bayes.git
    commit: 45915140eb681f4be34809216305fa9b89847ee7
snapshots:
- completed:
    size: 619227
    url: https://raw.githubusercontent.com/commercialhaskell/stackage-snapshots/master/nightly/2022/8/1.yaml
    sha256: 511a61513165f200cccbd791ff2394854693b6a89beba0cc8fee181514237801
  original: nightly-2022-08-01
